# THIS IS AN AUTOGENERATED FILE. DO NOT EDIT THIS FILE DIRECTLY.
# yarn lockfile v1


"@babel/runtime@^7.14.5":
  version "7.24.1"
  resolved "https://registry.npmmirror.com/@babel/runtime/-/runtime-7.24.1.tgz#431f9a794d173b53720e69a6464abc6f0e2a5c57"
  integrity sha512-+BIznRzyqBf+2wCTxcKE3wDjfGeCoVE61KSHGpkzqrLi8qxqFwBeUFyId2cxkTmm55fzDGnm0+yCxaxygrLUnQ==
  dependencies:
    regenerator-runtime "^0.14.0"

"@tarojs/api@3.6.25":
  version "3.6.25"
  resolved "https://registry.npmmirror.com/@tarojs/api/-/api-3.6.25.tgz#bb6c1de525bc43279906eb5dfca24844d14c69b2"
  integrity sha512-ZVSQauFgsCDGNWNJmoLeUMLjuUSeipwrbI7XQOFFco7u+RxGF8Wbf49OziKOtTYKTpZ+SQ9CH5U7Oqo1NG42gQ==
  dependencies:
    "@babel/runtime" "^7.14.5"
    "@tarojs/runtime" "3.6.25"
    "@tarojs/shared" "3.6.25"

"@tarojs/runtime@3.6.25":
  version "3.6.25"
  resolved "https://registry.npmmirror.com/@tarojs/runtime/-/runtime-3.6.25.tgz#3e58d8ab191cbf3b334aa12060a07e2fe9367660"
  integrity sha512-zfcEnEHQ5s5GIOIgTtk5glHMCG22rtCvAH01tx9LyIoFOLKKp9bF/2Gr4l75PAKf+4hfbXM6R4Qk6i+Jpj3zrg==
  dependencies:
    lodash-es "4.17.21"
    tslib "^2.6.2"

"@tarojs/shared@3.6.25":
  version "3.6.25"
  resolved "https://registry.npmmirror.com/@tarojs/shared/-/shared-3.6.25.tgz#f79a6e256018ca14457bf5e87f2727dad9441564"
  integrity sha512-hu2iyN+iqK+LObeDglZjmM+WKuIT5Jc8RBrw+aQwG9h4cJwjjr0Ci0UbbIQiBqiFlsfUWhtrlnmz5m6ym49HMA==

"@tarojs/taro@^3.6.25":
  version "3.6.25"
  resolved "https://registry.npmmirror.com/@tarojs/taro/-/taro-3.6.25.tgz#665b961e6f1e5e6fde22e57ebbedb2640fdc5e3f"
  integrity sha512-hEnKOHdNy32J95BTB+in3sLxxnp88aQj0a75d66F/gUzhieM5Q9ldtPvcMxJFwwxaprkBGzr81x7kBcPoU2DjA==
  dependencies:
    "@tarojs/api" "3.6.25"

"@yd/utils@https://gitee.com/herowyd1994/yd-utils.git":
  version "1.0.0"
  resolved "https://gitee.com/herowyd1994/yd-utils.git#ae2f3681a1172d48b8632a7fcd688b13cdb2a007"

lodash-es@4.17.21:
  version "4.17.21"
  resolved "https://registry.npmmirror.com/lodash-es/-/lodash-es-4.17.21.tgz#43e626c46e6591b7750beb2b50117390c609e3ee"
  integrity sha512-mKnC+QJ9pWVzv+C4/U3rRsHapFfHvQFoFB92e52xeyGMcX6/OlIl78je1u8vePzYZSkkogMPJ2yjxxsb89cxyw==

prettier@^3.2.5:
  version "3.2.5"
  resolved "https://registry.npmmirror.com/prettier/-/prettier-3.2.5.tgz#e52bc3090586e824964a8813b09aba6233b28368"
  integrity sha512-3/GWa9aOC0YeD7LUfvOG2NiDyhOWRvt1k+rcKhOuYnMY24iiCphgneUfJDyFXd6rZCAnuLBv6UeAULtrhT/F4A==

regenerator-runtime@^0.14.0:
  version "0.14.1"
  resolved "https://registry.npmmirror.com/regenerator-runtime/-/regenerator-runtime-0.14.1.tgz#356ade10263f685dda125100cd862c1db895327f"
  integrity sha512-dYnhHh0nJoMfnkZs6GmmhFknAGRrLznOu5nc9ML+EJxGvrx6H7teuevqVqCuPcPK//3eDrrjQhehXVx9cnkGdw==

tslib@^2.6.2:
  version "2.6.2"
  resolved "https://registry.npmmirror.com/tslib/-/tslib-2.6.2.tgz#703ac29425e7b37cd6fd456e92404d46d1f3e4ae"
  integrity sha512-AEYxH93jGFPn/a2iVAwW87VuUIkR1FVUKB77NwMF7nBTDkDrrT/Hpt/IrCJ0QXhW27jTBDcf5ZY7w6RiqTMw2Q==
