# THIS IS AN AUTOGENERATED FILE. DO NOT EDIT THIS FILE DIRECTLY.
# yarn lockfile v1


"@tarojs/api@4.0.7":
  version "4.0.7"
  resolved "https://registry.npmmirror.com/@tarojs/api/-/api-4.0.7.tgz#85399a7fb9a015425d89102206b819fa1297735b"
  integrity sha512-hUZoOdAwjqBws1hpvf/edc0X6n+5yTfKXDi09dUuGeOyc6/3p7pgrdNWYQL3Yt0aYoX19FsmFNAID6h4jnCCXg==

"@tarojs/runtime@4.0.7":
  version "4.0.7"
  resolved "https://registry.npmmirror.com/@tarojs/runtime/-/runtime-4.0.7.tgz#cabc6c05f603792704dd7e964b8c7f0fbf5fd5f5"
  integrity sha512-oScnP3IAv3pQmJonzBSN6/NytKz4StRZzFFmxmcAkqsF4gT7dVPVF++E4vPG7OWh+zmowQUhs7P1qVdSCuQFDw==
  dependencies:
    "@tarojs/shared" "4.0.7"
    tslib "^2.6.2"

"@tarojs/shared@4.0.7":
  version "4.0.7"
  resolved "https://registry.npmmirror.com/@tarojs/shared/-/shared-4.0.7.tgz#318da814d0c6452855b8265655332547ab523096"
  integrity sha512-DaVXA02Ctze6c+INSS5pDxCBKOX2XIa2CtZtpmrSLKYUZjEvGH3IiHjegoyjldpBS0s9jZ3KLzOetHDuiScESg==

"@tarojs/taro@^4.0.7":
  version "4.0.7"
  resolved "https://registry.npmmirror.com/@tarojs/taro/-/taro-4.0.7.tgz#89511e1de06fdaa310195dfb3875a9a7955504c5"
  integrity sha512-FxkpoH97lpiHugevac0YttYFwvHzJS/aE8ptQwxEe5I1f8dWbvbmrMorVRyxaFQPvAawx98XIHA6JBLFigdE3g==
  dependencies:
    "@tarojs/api" "4.0.7"
    "@tarojs/runtime" "4.0.7"
    "@types/postcss-url" "^10.0.4"

"@types/node@*":
  version "22.8.6"
  resolved "https://registry.npmmirror.com/@types/node/-/node-22.8.6.tgz#e8a0c0871623283d8b3ef7d7b9b1bfdfd3028e22"
  integrity sha512-tosuJYKrIqjQIlVCM4PEGxOmyg3FCPa/fViuJChnGeEIhjA46oy8FMVoF9su1/v8PNs2a8Q0iFNyOx0uOF91nw==
  dependencies:
    undici-types "~6.19.8"

"@types/postcss-url@^10.0.4":
  version "10.0.4"
  resolved "https://registry.npmmirror.com/@types/postcss-url/-/postcss-url-10.0.4.tgz#4403bfcd3257c1380f04a6b81eb78e06a2a354d9"
  integrity sha512-5QIO9NgbWmAkle65haRqkdgYPCOXheNsaFdbTJJQjT302yK3H49ql4t9a4y0NfpuPtU/UBo15VcV64WCSIMJKg==
  dependencies:
    "@types/node" "*"
    postcss "^8.0.0"

"@yd/utils@https://github.com/herowyd1994/yd-utils.git":
  version "1.0.1"
  resolved "https://github.com/herowyd1994/yd-utils.git#473aead56ab3eed6dbfea4cb7bb21de0dc9ec2b8"

nanoid@^3.3.7:
  version "3.3.7"
  resolved "https://registry.npmmirror.com/nanoid/-/nanoid-3.3.7.tgz#d0c301a691bc8d54efa0a2226ccf3fe2fd656bd8"
  integrity sha512-eSRppjcPIatRIMC1U6UngP8XFcz8MQWGQdt1MTBQ7NaAmvXDfvNxbvWV3x2y6CdEUciCSsDHDQZbhYaB8QEo2g==

picocolors@^1.1.0:
  version "1.1.1"
  resolved "https://registry.npmmirror.com/picocolors/-/picocolors-1.1.1.tgz#3d321af3eab939b083c8f929a1d12cda81c26b6b"
  integrity sha512-xceH2snhtb5M9liqDsmEw56le376mTZkEX/jEb/RxNFyegNul7eNslCXP9FDj/Lcu0X8KEyMceP2ntpaHrDEVA==

postcss@^8.0.0:
  version "8.4.47"
  resolved "https://registry.npmmirror.com/postcss/-/postcss-8.4.47.tgz#5bf6c9a010f3e724c503bf03ef7947dcb0fea365"
  integrity sha512-56rxCq7G/XfB4EkXq9Egn5GCqugWvDFjafDOThIdMBsI15iqPqR5r15TfSr1YPYeEI19YeaXMCbY6u88Y76GLQ==
  dependencies:
    nanoid "^3.3.7"
    picocolors "^1.1.0"
    source-map-js "^1.2.1"

prettier@^3.3.3:
  version "3.3.3"
  resolved "https://registry.npmmirror.com/prettier/-/prettier-3.3.3.tgz#30c54fe0be0d8d12e6ae61dbb10109ea00d53105"
  integrity sha512-i2tDNA0O5IrMO757lfrdQZCc2jPNDVntV0m/+4whiDfWaTKfMNgR7Qz0NAeGz/nRqF4m5/6CLzbP4/liHt12Ew==

source-map-js@^1.2.1:
  version "1.2.1"
  resolved "https://registry.npmmirror.com/source-map-js/-/source-map-js-1.2.1.tgz#1ce5650fddd87abc099eda37dcff024c2667ae46"
  integrity sha512-UXWMKhLOwVKb728IUtQPXxfYU+usdybtUrK/8uGE8CQMvrhOpwvzDBwj0QhSL7MQc7vIsISBG8VQ8+IDQxpfQA==

tslib@^2.6.2:
  version "2.6.2"
  resolved "https://registry.npmmirror.com/tslib/-/tslib-2.6.2.tgz#703ac29425e7b37cd6fd456e92404d46d1f3e4ae"
  integrity sha512-AEYxH93jGFPn/a2iVAwW87VuUIkR1FVUKB77NwMF7nBTDkDrrT/Hpt/IrCJ0QXhW27jTBDcf5ZY7w6RiqTMw2Q==

typescript@^5.6.3:
  version "5.6.3"
  resolved "https://registry.npmmirror.com/typescript/-/typescript-5.6.3.tgz#5f3449e31c9d94febb17de03cc081dd56d81db5b"
  integrity sha512-hjcS1mhfuyi4WW8IWtjP7brDrG2cuDZukyrYrSauoXGNgx0S7zceP07adYkJycEr56BOUTNPzbInooiN3fn1qw==

undici-types@~6.19.8:
  version "6.19.8"
  resolved "https://registry.npmmirror.com/undici-types/-/undici-types-6.19.8.tgz#35111c9d1437ab83a7cdc0abae2f26d88eda0a02"
  integrity sha512-ve2KP6f/JnbPBFyobGHuerC9g1FYGn/F8n1LWTwNxCEzd6IfqTwUQcNXgEtmmQ6DlRrC1hrSrBnCZPokRrDHjw==
